{
  "nodes": {
    "dank-qml-common": {
      "flake": false,
      "locked": {
        "lastModified": 1788376015,
        "narHash": "sha256-/tT8rTznLADndTwLBzdgzzgfJH1ZhYQibYo5v/F8U+U=",
        "owner": "AvengeMedia",
        "repo": "dank-qml-common",
        "rev": "26396ce432d6c71c3f5367438f96f4a8d667e160",
        "type": "github"
      },
      "original": {
        "owner": "AvengeMedia",
        "repo": "dank-qml-common",
        "type": "github"
      }
    },
    "danksession": {
      "inputs": {
        "flake-utils": "flake-utils",
        "nixpkgs": [
          "nixpkgs"
        ]
      },
      "locked": {
        "lastModified": 1788788267,
        "narHash": "sha256-mzFlFiTRyyA0Esfwr3rIteOi7lr+vjak7GJM2duqpuI=",
        "owner": "alcxyz",
        "repo": "DankSession",
        "rev": "685ab95a425a9334d310d00429ee833aba575b89",
        "type": "github"
      },
      "original": {
        "owner": "alcxyz",
        "ref": "v0.3.5",
        "repo": "DankSession",
        "type": "github"
      }
    },
    "dms": {
      "inputs": {
        "dank-qml-common": "dank-qml-common",
        "flake-compat": "flake-compat",
        "nixpkgs": [
          "nixpkgs"
        ]
      },
      "locked": {
        "lastModified": 1788959433,
        "narHash": "sha256-MAbxGEomcpGomFfw+WYurNkSKBIh7PKEc1U5OV0X6oU=",
        "owner": "AvengeMedia",
        "repo": "DankMaterialShell",
        "rev": "fe293b7379a51f62a4db7043fc09df71f78e72ef",
        "type": "github"
      },
      "original": {
        "owner": "AvengeMedia",
        "ref": "stable",
        "repo": "DankMaterialShell",
        "type": "github"
      }
    },
    "dms-plugin-registry": {
      "inputs": {
        "nixpkgs": [
          "nixpkgs"
        ]
      },
      "locked": {
        "lastModified": 1789260507,
        "narHash": "sha256-kc6sjFmtqh3mtJTXZWdV9AiTXjz/8wMcJUHal7TMUrw=",
        "owner": "AvengeMedia",
        "repo": "dms-plugin-registry",
        "rev": "2ce695acf096e7ebc4d702e0e5af62f414d0fae7",
        "type": "github"
      },
      "original": {
        "owner": "AvengeMedia",
        "repo": "dms-plugin-registry",
        "type": "github"
      }
    },
    "elegant-grub2-theme-src": {
      "flake": false,
      "locked": {
        "lastModified": 1782202092,
        "narHash": "sha256-4yPldMZ7g6FrGGvoF2oxvS6cGlM2X/ALX0mfq/Dax8c=",
        "ref": "refs/heads/main",
        "rev": "f8a8d41c8f306f8bdfae41db1a425cf0a2451477",
        "revCount": 32,
        "type": "git",
        "url": "https://github.com/vinceliuice/Elegant-grub2-themes"
      },
      "original": {
        "type": "git",
        "url": "https://github.com/vinceliuice/Elegant-grub2-themes"
      }
    },
    "elegant-grub2-themes": {
      "inputs": {
        "elegant-grub2-theme-src": "elegant-grub2-theme-src",
        "nixpkgs": [
          "nixpkgs"
        ]
      },
      "locked": {
        "lastModified": 1782202092,
        "narHash": "sha256-4yPldMZ7g6FrGGvoF2oxvS6cGlM2X/ALX0mfq/Dax8c=",
        "ref": "refs/heads/main",
        "rev": "f8a8d41c8f306f8bdfae41db1a425cf0a2451477",
        "revCount": 32,
        "type": "git",
        "url": "https://github.com/vinceliuice/Elegant-grub2-themes"
      },
      "original": {
        "type": "git",
        "url": "https://github.com/vinceliuice/Elegant-grub2-themes"
      }
    },
    "flake-compat": {
      "flake": false,
      "locked": {
        "lastModified": 1767039857,
        "narHash": "sha256-vNpUSpF5Nuw8xvDLj2KCwwksIbjua2LZCqhV1LNRDns=",
        "owner": "NixOS",
        "repo": "flake-compat",
        "rev": "5edf11c44bc78a0d334f6334cdaf7d60d732daab",
        "type": "github"
      },
      "original": {
        "owner": "NixOS",
        "repo": "flake-compat",
        "type": "github"
      }
    },
    "flake-compat_2": {
      "flake": false,
      "locked": {
        "lastModified": 1767039857,
        "narHash": "sha256-vNpUSpF5Nuw8xvDLj2KCwwksIbjua2LZCqhV1LNRDns=",
        "owner": "NixOS",
        "repo": "flake-compat",
        "rev": "5edf11c44bc78a0d334f6334cdaf7d60d732daab",
        "type": "github"
      },
      "original": {
        "owner": "NixOS",
        "repo": "flake-compat",
        "type": "github"
      }
    },
    "flake-parts": {
      "inputs": {
        "nixpkgs-lib": "nixpkgs-lib"
      },
      "locked": {
        "lastModified": 1788450739,
        "narHash": "sha256-glZLQlzIn1fXH6PazR2iUmTo7kzzyYSshrWhLS9TqCU=",
        "owner": "hercules-ci",
        "repo": "flake-parts",
        "rev": "31729ca8cbdb4fa927b34e5f4353e6a83f39e993",
        "type": "github"
      },
      "original": {
        "owner": "hercules-ci",
        "repo": "flake-parts",
        "type": "github"
      }
    },
    "flake-utils": {
      "inputs": {
        "systems": "systems"
      },
      "locked": {
        "lastModified": 1731533236,
        "narHash": "sha256-l0KFg5HjrsfsO/JpG+r7fRrqm12kzFHyUHqHCVpMMbI=",
        "owner": "numtide",
        "repo": "flake-utils",
        "rev": "11707dc2f618dd54ca8739b309ec4fc024de578b",
        "type": "github"
      },
      "original": {
        "owner": "numtide",
        "repo": "flake-utils",
        "type": "github"
      }
    },
    "home-manager": {
      "inputs": {
        "nixpkgs": [
          "nixpkgs"
        ]
      },
      "locked": {
        "lastModified": 1789235087,
        "narHash": "sha256-6hZ6Gy8isRQsWdI4l81Egag/PUIh68nSmFr2maInUNg=",
        "owner": "nix-community",
        "repo": "home-manager",
        "rev": "fe48612c5321a2cc09b0f563757a9c9733d641f8",
        "type": "github"
      },
      "original": {
        "owner": "nix-community",
        "repo": "home-manager",
        "type": "github"
      }
    },
    "hytale-launcher": {
      "inputs": {
        "nixpkgs": [
          "nixpkgs"
        ]
      },
      "locked": {
        "lastModified": 1789502615,
        "narHash": "sha256-idLBkLW/UQygKEv+ptzPxs10J0Bylm08I1mUC72vNPc=",
        "owner": "JPyke3",
        "repo": "hytale-launcher-nix",
        "rev": "c4c8f93005c53f361964b51c9379b286be0a67da",
        "type": "github"
      },
      "original": {
        "owner": "JPyke3",
        "repo": "hytale-launcher-nix",
        "type": "github"
      }
    },
    "import-tree": {
      "locked": {
        "lastModified": 1788467110,
        "narHash": "sha256-ljEMTXP/rH0tOvDzc9gzwww6KcHRPRnEHzd9lK48V7s=",
        "owner": "vic",
        "repo": "import-tree",
        "rev": "eb1b52eaecc57f7c136d07ae8a93e724dfecac46",
        "type": "github"
      },
      "original": {
        "owner": "vic",
        "repo": "import-tree",
        "type": "github"
      }
    },
    "nix-jetbrains-plugins": {
      "inputs": {
        "flake-compat": "flake-compat_2",
        "nixpkgs": [
          "nixpkgs"
        ],
        "systems": "systems_2"
      },
      "locked": {
        "lastModified": 1789220593,
        "narHash": "sha256-1qM60B+2lHX0pbe3vQhpCodZ7gurZvLXmmlig7pg7Ko=",
        "owner": "nix-community",
        "repo": "nix-jetbrains-plugins",
        "rev": "6bf9441de2b6cfeee87aab3503b083adb851a306",
        "type": "github"
      },
      "original": {
        "owner": "nix-community",
        "repo": "nix-jetbrains-plugins",
        "type": "github"
      }
    },
    "nix-vscode-extensions": {
      "inputs": {
        "nixpkgs": [
          "nixpkgs"
        ]
      },
      "locked": {
        "lastModified": 1789186092,
        "narHash": "sha256-rz28W8yY4LyFWA+SVrnTKoerI+XNrU4NbhGCmAFMgn0=",
        "owner": "nix-community",
        "repo": "nix-vscode-extensions",
        "rev": "6131d5084e8836d17a4b72a120d228b7dafb44c1",
        "type": "github"
      },
      "original": {
        "owner": "nix-community",
        "repo": "nix-vscode-extensions",
        "type": "github"
      }
    },
    "nix-wpe-webkit-bin": {
      "inputs": {
        "nixpkgs": [
          "nixpkgs"
        ]
      },
      "locked": {
        "lastModified": 1789788481,
        "narHash": "sha256-KAddig6W6JykZOTEiYwkC992iteZEeKr5r1hsuFLw1c=",
        "owner": "aayush2622",
        "repo": "nix-wpe-webkit-bin",
        "rev": "dfcf2acea1d5d21069c7c50b0f534ed297144eeb",
        "type": "github"
      },
      "original": {
        "owner": "aayush2622",
        "repo": "nix-wpe-webkit-bin",
        "rev": "dfcf2acea1d5d21069c7c50b0f534ed297144eeb",
        "type": "github"
      }
    },
    "nixpkgs": {
      "locked": {
        "lastModified": 1789149629,
        "narHash": "sha256-H6GwaZzZf+4npqv0tph94w9tZddSjFjmQrVsW0z78uk=",
        "owner": "nixos",
        "repo": "nixpkgs",
        "rev": "eaad089433ca2bb662274377d33df3d0e51ef28b",
        "type": "github"
      },
      "original": {
        "owner": "nixos",
        "ref": "nixos-unstable",
        "repo": "nixpkgs",
        "type": "github"
      }
    },
    "nixpkgs-lib": {
      "locked": {
        "lastModified": 1788057806,
        "narHash": "sha256-DTQSMxzDWmT0zhguthvegnVkn7CFqGCv4IHCzk5ZUpM=",
        "owner": "nix-community",
        "repo": "nixpkgs.lib",
        "rev": "596e2e3940e09b2abbeb03f75fa1828c57fcd72c",
        "type": "github"
      },
      "original": {
        "owner": "nix-community",
        "repo": "nixpkgs.lib",
        "type": "github"
      }
    },
    "nixpkgs_2": {
      "locked": {
        "lastModified": 1788431191,
        "narHash": "sha256-MFClkboDeW56feBCAeAV3Z3J2quGSZFlAOXQ4JjIlIA=",
        "owner": "NixOS",
        "repo": "nixpkgs",
        "rev": "9b9402b959a2276982ddd5ad3652a38b97f7c40b",
        "type": "github"
      },
      "original": {
        "owner": "NixOS",
        "ref": "nixpkgs-unstable",
        "repo": "nixpkgs",
        "type": "github"
      }
    },
    "root": {
      "inputs": {
        "danksession": "danksession",
        "dms": "dms",
        "dms-plugin-registry": "dms-plugin-registry",
        "elegant-grub2-themes": "elegant-grub2-themes",
        "flake-parts": "flake-parts",
        "home-manager": "home-manager",
        "hytale-launcher": "hytale-launcher",
        "import-tree": "import-tree",
        "nix-jetbrains-plugins": "nix-jetbrains-plugins",
        "nix-vscode-extensions": "nix-vscode-extensions",
        "nix-wpe-webkit-bin": "nix-wpe-webkit-bin",
        "nixpkgs": "nixpkgs",
        "spicetify-nix": "spicetify-nix",
        "wrapper-modules": "wrapper-modules",
        "zen-browser": "zen-browser",
        "zsh-256color": "zsh-256color",
        "zsh-autosuggestions": "zsh-autosuggestions",
        "zsh-syntax-highlighting": "zsh-syntax-highlighting",
        "zsh-you-should-use": "zsh-you-should-use"
      }
    },
    "spicetify-nix": {
      "inputs": {
        "nixpkgs": [
          "nixpkgs"
        ],
        "systems": "systems_3"
      },
      "locked": {
        "lastModified": 1788683578,
        "narHash": "sha256-bERpuakmPAC2b36zgXy6OXh+SkZUjbaV+vV2sPmm6p8=",
        "owner": "Gerg-L",
        "repo": "spicetify-nix",
        "rev": "a4ef43fb13e3615f36e5a0935aabe8cc29363dc9",
        "type": "github"
      },
      "original": {
        "owner": "Gerg-L",
        "repo": "spicetify-nix",
        "type": "github"
      }
    },
    "systems": {
      "locked": {
        "lastModified": 1681028828,
        "narHash": "sha256-Vy1rq5AaRuLzOxct8nz4T6wlgyUR7zLU309k9mBC768=",
        "owner": "nix-systems",
        "repo": "default",
        "rev": "da67096a3b9bf56a91d16901293e51ba5b49a27e",
        "type": "github"
      },
      "original": {
        "owner": "nix-systems",
        "repo": "default",
        "type": "github"
      }
    },
    "systems_2": {
      "locked": {
        "lastModified": 1681028828,
        "narHash": "sha256-Vy1rq5AaRuLzOxct8nz4T6wlgyUR7zLU309k9mBC768=",
        "owner": "nix-systems",
        "repo": "default",
        "rev": "da67096a3b9bf56a91d16901293e51ba5b49a27e",
        "type": "github"
      },
      "original": {
        "owner": "nix-systems",
        "repo": "default",
        "type": "github"
      }
    },
    "systems_3": {
      "locked": {
        "lastModified": 1681028828,
        "narHash": "sha256-Vy1rq5AaRuLzOxct8nz4T6wlgyUR7zLU309k9mBC768=",
        "owner": "nix-systems",
        "repo": "default",
        "rev": "da67096a3b9bf56a91d16901293e51ba5b49a27e",
        "type": "github"
      },
      "original": {
        "owner": "nix-systems",
        "repo": "default",
        "type": "github"
      }
    },
    "wrapper-modules": {
      "inputs": {
        "nixpkgs": "nixpkgs_2"
      },
      "locked": {
        "lastModified": 1788981141,
        "narHash": "sha256-7xWS16u13YGlRNKWaAPzRbEyh4OLOXJe31k7h4AnXNU=",
        "owner": "BirdeeHub",
        "repo": "nix-wrapper-modules",
        "rev": "1db3c116a6aa61823f8d8f3c47c306846428fc54",
        "type": "github"
      },
      "original": {
        "owner": "BirdeeHub",
        "repo": "nix-wrapper-modules",
        "type": "github"
      }
    },
    "zen-browser": {
      "inputs": {
        "nixpkgs": [
          "nixpkgs"
        ]
      },
      "locked": {
        "lastModified": 1788682845,
        "narHash": "sha256-E03KyK0Sj+ia+FSy47XC4v9enU1C/lGiW5ZKmcJoI1M=",
        "owner": "youwen5",
        "repo": "zen-browser-flake",
        "rev": "3aadc420e763a8243aedd2ce925ae1dc13663ed9",
        "type": "github"
      },
      "original": {
        "owner": "youwen5",
        "repo": "zen-browser-flake",
        "type": "github"
      }
    },
    "zsh-256color": {
      "flake": false,
      "locked": {
        "lastModified": 1663105634,
        "narHash": "sha256-P/pbpDJmsMSZkNi5GjVTDy7R+OxaIVZhb/bEnYQlaLo=",
        "owner": "chrissicool",
        "repo": "zsh-256color",
        "rev": "559fee48bb74b75cec8b9887f8f3e046f01d5d8f",
        "type": "github"
      },
      "original": {
        "owner": "chrissicool",
        "repo": "zsh-256color",
        "type": "github"
      }
    },
    "zsh-autosuggestions": {
      "flake": false,
      "locked": {
        "lastModified": 1750781703,
        "narHash": "sha256-KmkXgK1J6iAyb1FtF/gOa0adUnh1pgFsgQOUnNngBaE=",
        "owner": "zsh-users",
        "repo": "zsh-autosuggestions",
        "rev": "85919cd1ffa7d2d5412f6d3fe437ebdbeeec4fc5",
        "type": "github"
      },
      "original": {
        "owner": "zsh-users",
        "repo": "zsh-autosuggestions",
        "type": "github"
      }
    },
    "zsh-syntax-highlighting": {
      "flake": false,
      "locked": {
        "lastModified": 1787365145,
        "narHash": "sha256-d/io9jvBn6XuSPWQia4OPWDwZRS8Pt74XG9VWqIYFFw=",
        "owner": "zsh-users",
        "repo": "zsh-syntax-highlighting",
        "rev": "2fc57d63067c18b1100ecdbf684fa5baf49459d1",
        "type": "github"
      },
      "original": {
        "owner": "zsh-users",
        "repo": "zsh-syntax-highlighting",
        "type": "github"
      }
    },
    "zsh-you-should-use": {
      "flake": false,
      "locked": {
        "lastModified": 1779786745,
        "narHash": "sha256-1ojmr9+Wg5+X5Dip4sKjP4IKKACMncPQDZ8RtYQSQ80=",
        "owner": "MichaelAquilina",
        "repo": "zsh-you-should-use",
        "rev": "5f3d129864ee4505043d88c3486224f1d75b692e",
        "type": "github"
      },
      "original": {
        "owner": "MichaelAquilina",
        "repo": "zsh-you-should-use",
        "type": "github"
      }
    }
  },
  "root": "root",
  "version": 7
}
